Microsoft Visual Studio Solution File, Format Version 11.00
# Visual Studio 2008

Project("{BC2E29C6-CCB5-21D7-0C90-16D536218158}") = "TheFog", "Assembly-CSharp-firstpass-vs.csproj", "{00D113E5-ADA6-9D44-590F-AB6B46FC2DC9}"
EndProject
Project("{BC2E29C6-CCB5-21D7-0C90-16D536218158}") = "TheFog", "Assembly-CSharp-vs.csproj", "{6F670484-C867-B7EC-A5EA-4336FD925575}"
EndProject
Project("{BC2E29C6-CCB5-21D7-0C90-16D536218158}") = "TheFog", "Assembly-CSharp-Editor-vs.csproj", "{F6A719D1-E101-F034-5751-DB86253629DA}"
EndProject
Global
	GlobalSection(SolutionConfigurationPlatforms) = preSolution
		Debug|Any CPU = Debug|Any CPU
		Release|Any CPU = Release|Any CPU
	EndGlobalSection
	GlobalSection(ProjectConfigurationPlatforms) = postSolution
		{00D113E5-ADA6-9D44-590F-AB6B46FC2DC9}.Debug|Any CPU.ActiveCfg = Debug|Any CPU
		{00D113E5-ADA6-9D44-590F-AB6B46FC2DC9}.Debug|Any CPU.Build.0 = Debug|Any CPU
		{00D113E5-ADA6-9D44-590F-AB6B46FC2DC9}.Release|Any CPU.ActiveCfg = Release|Any CPU
		{00D113E5-ADA6-9D44-590F-AB6B46FC2DC9}.Release|Any CPU.Build.0 = Release|Any CPU
		{6F670484-C867-B7EC-A5EA-4336FD925575}.Debug|Any CPU.ActiveCfg = Debug|Any CPU
		{6F670484-C867-B7EC-A5EA-4336FD925575}.Debug|Any CPU.Build.0 = Debug|Any CPU
		{6F670484-C867-B7EC-A5EA-4336FD925575}.Release|Any CPU.ActiveCfg = Release|Any CPU
		{6F670484-C867-B7EC-A5EA-4336FD925575}.Release|Any CPU.Build.0 = Release|Any CPU
		{F6A719D1-E101-F034-5751-DB86253629DA}.Debug|Any CPU.ActiveCfg = Debug|Any CPU
		{F6A719D1-E101-F034-5751-DB86253629DA}.Debug|Any CPU.Build.0 = Debug|Any CPU
		{F6A719D1-E101-F034-5751-DB86253629DA}.Release|Any CPU.ActiveCfg = Release|Any CPU
		{F6A719D1-E101-F034-5751-DB86253629DA}.Release|Any CPU.Build.0 = Release|Any CPU
	EndGlobalSection
	GlobalSection(SolutionProperties) = preSolution
		HideSolutionNode = FALSE
	EndGlobalSection
						GlobalSection(MonoDevelopProperties) = preSolution
		StartupItem = Assembly-CSharp.csproj
		Policies = $0
		$0.TextStylePolicy = $1
		$1.inheritsSet = null
		$1.scope = text/x-csharp
		$0.CSharpFormattingPolicy = $2
		$2.inheritsSet = Mono
		$2.inheritsScope = text/x-csharp
		$2.scope = text/x-csharp
		$0.TextStylePolicy = $3
		$3.FileWidth = 120
		$3.TabWidth = 4
		$3.IndentWidth = 4
		$3.EolMarker = Unix
		$3.inheritsSet = Mono
		$3.inheritsScope = text/plain
		$3.scope = text/plain
	EndGlobalSection

EndGlobal
